
Microsoft Visual Studio Solution File, Format Version 12.00
# Visual Studio Version 17
VisualStudioVersion = 17.1.31911.260
MinimumVisualStudioVersion = 10.0.40219.1
Project("{2150E333-8FDC-42A3-9474-1A3956D46DE8}") = "src", "src", "{FB842341-BEF1-44A3-8D54-D1318AA91036}"
EndProject
Project("{2150E333-8FDC-42A3-9474-1A3956D46DE8}") = "FSharp", "FSharp", "{B6E45EB0-B9C7-4608-8858-0BFB4D5E342A}"
EndProject
Project("{2150E333-8FDC-42A3-9474-1A3956D46DE8}") = "Unit-1", "Unit-1", "{582496E6-D3CC-4175-A54C-28288A87955A}"
EndProject
Project("{F2A71F9B-5D33-465A-A702-920D77279786}") = "WinTail", "src\FSharp\Unit-1\DoThis\WinTail.fsproj", "{88E26AFF-7243-45EE-815D-8072B7CFBCA6}"
EndProject
Project("{2150E333-8FDC-42A3-9474-1A3956D46DE8}") = "lesson1", "lesson1", "{6F64A994-9FC2-44AC-AE11-3253383CE09C}"
EndProject
Project("{F2A71F9B-5D33-465A-A702-920D77279786}") = "WinTail", "src\FSharp\Unit-1\lesson1\Completed\WinTail.fsproj", "{AFFD041A-6444-4E55-BBC0-D288511B538D}"
EndProject
Project("{2150E333-8FDC-42A3-9474-1A3956D46DE8}") = "lesson2", "lesson2", "{F53414B8-D86B-4CB7-80C4-7546B01029C9}"
EndProject
Project("{F2A71F9B-5D33-465A-A702-920D77279786}") = "WinTail", "src\FSharp\Unit-1\lesson2\Completed\WinTail.fsproj", "{2D42DF3F-577B-48F5-B94A-869156A52FDB}"
EndProject
Project("{2150E333-8FDC-42A3-9474-1A3956D46DE8}") = "lesson3", "lesson3", "{4918959D-65ED-405A-BCFC-1EA3DBF4765E}"
EndProject
Project("{F2A71F9B-5D33-465A-A702-920D77279786}") = "WinTail", "src\FSharp\Unit-1\lesson3\Completed\WinTail.fsproj", "{6E9DE024-E4DA-4FC4-BAA2-6F4818F5D9E3}"
EndProject
Project("{2150E333-8FDC-42A3-9474-1A3956D46DE8}") = "lesson4", "lesson4", "{87ADF145-D6EE-42DC-A1F5-EB3AB916887A}"
EndProject
Project("{F2A71F9B-5D33-465A-A702-920D77279786}") = "WinTail", "src\FSharp\Unit-1\lesson4\Completed\WinTail.fsproj", "{E9630E83-752A-4BB1-9240-D7A7CBF768B6}"
EndProject
Project("{2150E333-8FDC-42A3-9474-1A3956D46DE8}") = "lesson5", "lesson5", "{7B3DEB07-8C42-4334-805D-A4C297A66586}"
EndProject
Project("{F2A71F9B-5D33-465A-A702-920D77279786}") = "WinTail", "src\FSharp\Unit-1\lesson5\Completed\WinTail.fsproj", "{058C42E2-3E0F-4EA8-8A16-32891941D173}"
EndProject
Project("{2150E333-8FDC-42A3-9474-1A3956D46DE8}") = "lesson6", "lesson6", "{E522853B-B1B5-48AA-8FF1-482845E0E1CA}"
EndProject
Project("{F2A71F9B-5D33-465A-A702-920D77279786}") = "WinTail", "src\FSharp\Unit-1\lesson6\Completed\WinTail.fsproj", "{4CC4CD8B-216D-4683-84CC-031A9742E7FD}"
EndProject
Project("{2150E333-8FDC-42A3-9474-1A3956D46DE8}") = "Unit-2", "Unit-2", "{5AE8748E-EFEB-47A1-AA06-734DF7E95FF7}"
EndProject
Project("{F2A71F9B-5D33-465A-A702-920D77279786}") = "ChartApp", "src\FSharp\Unit-2\DoThis\ChartApp.fsproj", "{30956DFE-FBB5-4F66-A00C-B83ADA633559}"
EndProject
Project("{2150E333-8FDC-42A3-9474-1A3956D46DE8}") = "lesson1", "lesson1", "{F6385CFB-DD22-4B0C-A5AF-098FED227C84}"
EndProject
Project("{F2A71F9B-5D33-465A-A702-920D77279786}") = "ChartApp", "src\FSharp\Unit-2\lesson1\Completed\ChartApp.fsproj", "{18BB2FE7-820E-4873-B9D4-3D958C08A870}"
EndProject
Project("{2150E333-8FDC-42A3-9474-1A3956D46DE8}") = "lesson2", "lesson2", "{E8D6DC63-97A1-4ABC-93EA-E2D01A36E0F4}"
EndProject
Project("{F2A71F9B-5D33-465A-A702-920D77279786}") = "ChartApp", "src\FSharp\Unit-2\lesson2\Completed\ChartApp.fsproj", "{706A7E69-22E0-4B51-8D3A-8F61538C8B8C}"
EndProject
Project("{2150E333-8FDC-42A3-9474-1A3956D46DE8}") = "lesson3", "lesson3", "{EE5E6259-11D2-44D9-A8CD-7670D5F7530F}"
EndProject
Project("{F2A71F9B-5D33-465A-A702-920D77279786}") = "ChartApp", "src\FSharp\Unit-2\lesson3\Completed\ChartApp.fsproj", "{6598C6D5-8847-4922-B1A4-0D6D576E87CD}"
EndProject
Project("{2150E333-8FDC-42A3-9474-1A3956D46DE8}") = "lesson4", "lesson4", "{D60D1D42-FC07-432A-B2D7-2FCF4D806DD0}"
EndProject
Project("{F2A71F9B-5D33-465A-A702-920D77279786}") = "ChartApp", "src\FSharp\Unit-2\lesson4\Completed\ChartApp.fsproj", "{ED810548-880F-4577-B043-CBC4BC7C0F70}"
EndProject
Project("{2150E333-8FDC-42A3-9474-1A3956D46DE8}") = "lesson5", "lesson5", "{4851431A-0148-4FDD-8A82-AF98CE64B91A}"
EndProject
Project("{F2A71F9B-5D33-465A-A702-920D77279786}") = "ChartApp", "src\FSharp\Unit-2\lesson5\Completed\ChartApp.fsproj", "{D5EAFD52-F58E-4371-82A8-48F26B984219}"
EndProject
Project("{2150E333-8FDC-42A3-9474-1A3956D46DE8}") = "Unit-3", "Unit-3", "{A783C34D-A049-4738-81FB-2D2C5EB2D038}"
EndProject
Project("{F2A71F9B-5D33-465A-A702-920D77279786}") = "GithubActors", "src\FSharp\Unit-3\DoThis\GithubActors.fsproj", "{A0C6BBD9-5F85-4AFA-92C8-E7F88C6E74FC}"
EndProject
Project("{2150E333-8FDC-42A3-9474-1A3956D46DE8}") = "lesson1", "lesson1", "{4BDF55D2-8975-4410-829D-A02B7733724D}"
EndProject
Project("{F2A71F9B-5D33-465A-A702-920D77279786}") = "GithubActors", "src\FSharp\Unit-3\lesson1\Completed\GithubActors.fsproj", "{C434D7FC-5FD7-4B22-9C38-9992E6B5B7A9}"
EndProject
Project("{2150E333-8FDC-42A3-9474-1A3956D46DE8}") = "lesson2", "lesson2", "{E09834B5-0E7E-4395-9A9D-7F0FE37F6374}"
EndProject
Project("{F2A71F9B-5D33-465A-A702-920D77279786}") = "GithubActors", "src\FSharp\Unit-3\lesson2\Completed\GithubActors.fsproj", "{A7985514-18CB-4C7E-9764-DF40EA6B1469}"
EndProject
Project("{2150E333-8FDC-42A3-9474-1A3956D46DE8}") = "lesson3", "lesson3", "{35AAB708-D3EB-47DC-B472-CFE8780C3B58}"
EndProject
Project("{F2A71F9B-5D33-465A-A702-920D77279786}") = "GithubActors", "src\FSharp\Unit-3\lesson3\Completed\GithubActors.fsproj", "{D469AC07-DB56-4FA6-BD57-F6E160A15C5B}"
EndProject
Project("{2150E333-8FDC-42A3-9474-1A3956D46DE8}") = "lesson4", "lesson4", "{4ADBC6B9-68B0-451D-AC06-5D91B25A74EF}"
EndProject
Project("{F2A71F9B-5D33-465A-A702-920D77279786}") = "GithubActors", "src\FSharp\Unit-3\lesson4\Completed\GithubActors.fsproj", "{73966593-F769-4E0B-8D43-E95F183427C3}"
EndProject
Project("{2150E333-8FDC-42A3-9474-1A3956D46DE8}") = "lesson5", "lesson5", "{779B2945-65D3-471E-AE82-0833DAE775A4}"
EndProject
Project("{F2A71F9B-5D33-465A-A702-920D77279786}") = "GithubActors", "src\FSharp\Unit-3\lesson5\Completed\GithubActors.fsproj", "{8DB228E3-F7ED-4127-84F2-EE89BAEAFE0C}"
EndProject
Global
	GlobalSection(SolutionConfigurationPlatforms) = preSolution
		Debug|Any CPU = Debug|Any CPU
		Release|Any CPU = Release|Any CPU
	EndGlobalSection
	GlobalSection(ProjectConfigurationPlatforms) = postSolution
		{88E26AFF-7243-45EE-815D-8072B7CFBCA6}.Debug|Any CPU.ActiveCfg = Debug|Any CPU
		{88E26AFF-7243-45EE-815D-8072B7CFBCA6}.Debug|Any CPU.Build.0 = Debug|Any CPU
		{88E26AFF-7243-45EE-815D-8072B7CFBCA6}.Release|Any CPU.ActiveCfg = Release|Any CPU
		{88E26AFF-7243-45EE-815D-8072B7CFBCA6}.Release|Any CPU.Build.0 = Release|Any CPU
		{AFFD041A-6444-4E55-BBC0-D288511B538D}.Debug|Any CPU.ActiveCfg = Debug|Any CPU
		{AFFD041A-6444-4E55-BBC0-D288511B538D}.Debug|Any CPU.Build.0 = Debug|Any CPU
		{AFFD041A-6444-4E55-BBC0-D288511B538D}.Release|Any CPU.ActiveCfg = Release|Any CPU
		{AFFD041A-6444-4E55-BBC0-D288511B538D}.Release|Any CPU.Build.0 = Release|Any CPU
		{2D42DF3F-577B-48F5-B94A-869156A52FDB}.Debug|Any CPU.ActiveCfg = Debug|Any CPU
		{2D42DF3F-577B-48F5-B94A-869156A52FDB}.Debug|Any CPU.Build.0 = Debug|Any CPU
		{2D42DF3F-577B-48F5-B94A-869156A52FDB}.Release|Any CPU.ActiveCfg = Release|Any CPU
		{2D42DF3F-577B-48F5-B94A-869156A52FDB}.Release|Any CPU.Build.0 = Release|Any CPU
		{6E9DE024-E4DA-4FC4-BAA2-6F4818F5D9E3}.Debug|Any CPU.ActiveCfg = Debug|Any CPU
		{6E9DE024-E4DA-4FC4-BAA2-6F4818F5D9E3}.Debug|Any CPU.Build.0 = Debug|Any CPU
		{6E9DE024-E4DA-4FC4-BAA2-6F4818F5D9E3}.Release|Any CPU.ActiveCfg = Release|Any CPU
		{6E9DE024-E4DA-4FC4-BAA2-6F4818F5D9E3}.Release|Any CPU.Build.0 = Release|Any CPU
		{E9630E83-752A-4BB1-9240-D7A7CBF768B6}.Debug|Any CPU.ActiveCfg = Debug|Any CPU
		{E9630E83-752A-4BB1-9240-D7A7CBF768B6}.Debug|Any CPU.Build.0 = Debug|Any CPU
		{E9630E83-752A-4BB1-9240-D7A7CBF768B6}.Release|Any CPU.ActiveCfg = Release|Any CPU
		{E9630E83-752A-4BB1-9240-D7A7CBF768B6}.Release|Any CPU.Build.0 = Release|Any CPU
		{058C42E2-3E0F-4EA8-8A16-32891941D173}.Debug|Any CPU.ActiveCfg = Debug|Any CPU
		{058C42E2-3E0F-4EA8-8A16-32891941D173}.Debug|Any CPU.Build.0 = Debug|Any CPU
		{058C42E2-3E0F-4EA8-8A16-32891941D173}.Release|Any CPU.ActiveCfg = Release|Any CPU
		{058C42E2-3E0F-4EA8-8A16-32891941D173}.Release|Any CPU.Build.0 = Release|Any CPU
		{4CC4CD8B-216D-4683-84CC-031A9742E7FD}.Debug|Any CPU.ActiveCfg = Debug|Any CPU
		{4CC4CD8B-216D-4683-84CC-031A9742E7FD}.Debug|Any CPU.Build.0 = Debug|Any CPU
		{4CC4CD8B-216D-4683-84CC-031A9742E7FD}.Release|Any CPU.ActiveCfg = Release|Any CPU
		{4CC4CD8B-216D-4683-84CC-031A9742E7FD}.Release|Any CPU.Build.0 = Release|Any CPU
		{30956DFE-FBB5-4F66-A00C-B83ADA633559}.Debug|Any CPU.ActiveCfg = Debug|Any CPU
		{30956DFE-FBB5-4F66-A00C-B83ADA633559}.Debug|Any CPU.Build.0 = Debug|Any CPU
		{30956DFE-FBB5-4F66-A00C-B83ADA633559}.Release|Any CPU.ActiveCfg = Release|Any CPU
		{30956DFE-FBB5-4F66-A00C-B83ADA633559}.Release|Any CPU.Build.0 = Release|Any CPU
		{18BB2FE7-820E-4873-B9D4-3D958C08A870}.Debug|Any CPU.ActiveCfg = Debug|Any CPU
		{18BB2FE7-820E-4873-B9D4-3D958C08A870}.Debug|Any CPU.Build.0 = Debug|Any CPU
		{18BB2FE7-820E-4873-B9D4-3D958C08A870}.Release|Any CPU.ActiveCfg = Release|Any CPU
		{18BB2FE7-820E-4873-B9D4-3D958C08A870}.Release|Any CPU.Build.0 = Release|Any CPU
		{706A7E69-22E0-4B51-8D3A-8F61538C8B8C}.Debug|Any CPU.ActiveCfg = Debug|Any CPU
		{706A7E69-22E0-4B51-8D3A-8F61538C8B8C}.Debug|Any CPU.Build.0 = Debug|Any CPU
		{706A7E69-22E0-4B51-8D3A-8F61538C8B8C}.Release|Any CPU.ActiveCfg = Release|Any CPU
		{706A7E69-22E0-4B51-8D3A-8F61538C8B8C}.Release|Any CPU.Build.0 = Release|Any CPU
		{6598C6D5-8847-4922-B1A4-0D6D576E87CD}.Debug|Any CPU.ActiveCfg = Debug|Any CPU
		{6598C6D5-8847-4922-B1A4-0D6D576E87CD}.Debug|Any CPU.Build.0 = Debug|Any CPU
		{6598C6D5-8847-4922-B1A4-0D6D576E87CD}.Release|Any CPU.ActiveCfg = Release|Any CPU
		{6598C6D5-8847-4922-B1A4-0D6D576E87CD}.Release|Any CPU.Build.0 = Release|Any CPU
		{ED810548-880F-4577-B043-CBC4BC7C0F70}.Debug|Any CPU.ActiveCfg = Debug|Any CPU
		{ED810548-880F-4577-B043-CBC4BC7C0F70}.Debug|Any CPU.Build.0 = Debug|Any CPU
		{ED810548-880F-4577-B043-CBC4BC7C0F70}.Release|Any CPU.ActiveCfg = Release|Any CPU
		{ED810548-880F-4577-B043-CBC4BC7C0F70}.Release|Any CPU.Build.0 = Release|Any CPU
		{D5EAFD52-F58E-4371-82A8-48F26B984219}.Debug|Any CPU.ActiveCfg = Debug|Any CPU
		{D5EAFD52-F58E-4371-82A8-48F26B984219}.Debug|Any CPU.Build.0 = Debug|Any CPU
		{D5EAFD52-F58E-4371-82A8-48F26B984219}.Release|Any CPU.ActiveCfg = Release|Any CPU
		{D5EAFD52-F58E-4371-82A8-48F26B984219}.Release|Any CPU.Build.0 = Release|Any CPU
		{A0C6BBD9-5F85-4AFA-92C8-E7F88C6E74FC}.Debug|Any CPU.ActiveCfg = Debug|Any CPU
		{A0C6BBD9-5F85-4AFA-92C8-E7F88C6E74FC}.Debug|Any CPU.Build.0 = Debug|Any CPU
		{A0C6BBD9-5F85-4AFA-92C8-E7F88C6E74FC}.Release|Any CPU.ActiveCfg = Release|Any CPU
		{A0C6BBD9-5F85-4AFA-92C8-E7F88C6E74FC}.Release|Any CPU.Build.0 = Release|Any CPU
		{C434D7FC-5FD7-4B22-9C38-9992E6B5B7A9}.Debug|Any CPU.ActiveCfg = Debug|Any CPU
		{C434D7FC-5FD7-4B22-9C38-9992E6B5B7A9}.Debug|Any CPU.Build.0 = Debug|Any CPU
		{C434D7FC-5FD7-4B22-9C38-9992E6B5B7A9}.Release|Any CPU.ActiveCfg = Release|Any CPU
		{C434D7FC-5FD7-4B22-9C38-9992E6B5B7A9}.Release|Any CPU.Build.0 = Release|Any CPU
		{A7985514-18CB-4C7E-9764-DF40EA6B1469}.Debug|Any CPU.ActiveCfg = Debug|Any CPU
		{A7985514-18CB-4C7E-9764-DF40EA6B1469}.Debug|Any CPU.Build.0 = Debug|Any CPU
		{A7985514-18CB-4C7E-9764-DF40EA6B1469}.Release|Any CPU.ActiveCfg = Release|Any CPU
		{A7985514-18CB-4C7E-9764-DF40EA6B1469}.Release|Any CPU.Build.0 = Release|Any CPU
		{D469AC07-DB56-4FA6-BD57-F6E160A15C5B}.Debug|Any CPU.ActiveCfg = Debug|Any CPU
		{D469AC07-DB56-4FA6-BD57-F6E160A15C5B}.Debug|Any CPU.Build.0 = Debug|Any CPU
		{D469AC07-DB56-4FA6-BD57-F6E160A15C5B}.Release|Any CPU.ActiveCfg = Release|Any CPU
		{D469AC07-DB56-4FA6-BD57-F6E160A15C5B}.Release|Any CPU.Build.0 = Release|Any CPU
		{73966593-F769-4E0B-8D43-E95F183427C3}.Debug|Any CPU.ActiveCfg = Debug|Any CPU
		{73966593-F769-4E0B-8D43-E95F183427C3}.Debug|Any CPU.Build.0 = Debug|Any CPU
		{73966593-F769-4E0B-8D43-E95F183427C3}.Release|Any CPU.ActiveCfg = Release|Any CPU
		{73966593-F769-4E0B-8D43-E95F183427C3}.Release|Any CPU.Build.0 = Release|Any CPU
		{8DB228E3-F7ED-4127-84F2-EE89BAEAFE0C}.Debug|Any CPU.ActiveCfg = Debug|Any CPU
		{8DB228E3-F7ED-4127-84F2-EE89BAEAFE0C}.Debug|Any CPU.Build.0 = Debug|Any CPU
		{8DB228E3-F7ED-4127-84F2-EE89BAEAFE0C}.Release|Any CPU.ActiveCfg = Release|Any CPU
		{8DB228E3-F7ED-4127-84F2-EE89BAEAFE0C}.Release|Any CPU.Build.0 = Release|Any CPU
	EndGlobalSection
	GlobalSection(SolutionProperties) = preSolution
		HideSolutionNode = FALSE
	EndGlobalSection
	GlobalSection(NestedProjects) = preSolution
		{B6E45EB0-B9C7-4608-8858-0BFB4D5E342A} = {FB842341-BEF1-44A3-8D54-D1318AA91036}
		{582496E6-D3CC-4175-A54C-28288A87955A} = {B6E45EB0-B9C7-4608-8858-0BFB4D5E342A}
		{88E26AFF-7243-45EE-815D-8072B7CFBCA6} = {582496E6-D3CC-4175-A54C-28288A87955A}
		{6F64A994-9FC2-44AC-AE11-3253383CE09C} = {582496E6-D3CC-4175-A54C-28288A87955A}
		{AFFD041A-6444-4E55-BBC0-D288511B538D} = {6F64A994-9FC2-44AC-AE11-3253383CE09C}
		{F53414B8-D86B-4CB7-80C4-7546B01029C9} = {582496E6-D3CC-4175-A54C-28288A87955A}
		{2D42DF3F-577B-48F5-B94A-869156A52FDB} = {F53414B8-D86B-4CB7-80C4-7546B01029C9}
		{4918959D-65ED-405A-BCFC-1EA3DBF4765E} = {582496E6-D3CC-4175-A54C-28288A87955A}
		{6E9DE024-E4DA-4FC4-BAA2-6F4818F5D9E3} = {4918959D-65ED-405A-BCFC-1EA3DBF4765E}
		{87ADF145-D6EE-42DC-A1F5-EB3AB916887A} = {582496E6-D3CC-4175-A54C-28288A87955A}
		{E9630E83-752A-4BB1-9240-D7A7CBF768B6} = {87ADF145-D6EE-42DC-A1F5-EB3AB916887A}
		{7B3DEB07-8C42-4334-805D-A4C297A66586} = {582496E6-D3CC-4175-A54C-28288A87955A}
		{058C42E2-3E0F-4EA8-8A16-32891941D173} = {7B3DEB07-8C42-4334-805D-A4C297A66586}
		{E522853B-B1B5-48AA-8FF1-482845E0E1CA} = {582496E6-D3CC-4175-A54C-28288A87955A}
		{4CC4CD8B-216D-4683-84CC-031A9742E7FD} = {E522853B-B1B5-48AA-8FF1-482845E0E1CA}
		{5AE8748E-EFEB-47A1-AA06-734DF7E95FF7} = {B6E45EB0-B9C7-4608-8858-0BFB4D5E342A}
		{30956DFE-FBB5-4F66-A00C-B83ADA633559} = {5AE8748E-EFEB-47A1-AA06-734DF7E95FF7}
		{F6385CFB-DD22-4B0C-A5AF-098FED227C84} = {5AE8748E-EFEB-47A1-AA06-734DF7E95FF7}
		{18BB2FE7-820E-4873-B9D4-3D958C08A870} = {F6385CFB-DD22-4B0C-A5AF-098FED227C84}
		{E8D6DC63-97A1-4ABC-93EA-E2D01A36E0F4} = {5AE8748E-EFEB-47A1-AA06-734DF7E95FF7}
		{706A7E69-22E0-4B51-8D3A-8F61538C8B8C} = {E8D6DC63-97A1-4ABC-93EA-E2D01A36E0F4}
		{EE5E6259-11D2-44D9-A8CD-7670D5F7530F} = {5AE8748E-EFEB-47A1-AA06-734DF7E95FF7}
		{6598C6D5-8847-4922-B1A4-0D6D576E87CD} = {EE5E6259-11D2-44D9-A8CD-7670D5F7530F}
		{D60D1D42-FC07-432A-B2D7-2FCF4D806DD0} = {5AE8748E-EFEB-47A1-AA06-734DF7E95FF7}
		{ED810548-880F-4577-B043-CBC4BC7C0F70} = {D60D1D42-FC07-432A-B2D7-2FCF4D806DD0}
		{4851431A-0148-4FDD-8A82-AF98CE64B91A} = {5AE8748E-EFEB-47A1-AA06-734DF7E95FF7}
		{D5EAFD52-F58E-4371-82A8-48F26B984219} = {4851431A-0148-4FDD-8A82-AF98CE64B91A}
		{A783C34D-A049-4738-81FB-2D2C5EB2D038} = {B6E45EB0-B9C7-4608-8858-0BFB4D5E342A}
		{A0C6BBD9-5F85-4AFA-92C8-E7F88C6E74FC} = {A783C34D-A049-4738-81FB-2D2C5EB2D038}
		{4BDF55D2-8975-4410-829D-A02B7733724D} = {A783C34D-A049-4738-81FB-2D2C5EB2D038}
		{C434D7FC-5FD7-4B22-9C38-9992E6B5B7A9} = {4BDF55D2-8975-4410-829D-A02B7733724D}
		{E09834B5-0E7E-4395-9A9D-7F0FE37F6374} = {A783C34D-A049-4738-81FB-2D2C5EB2D038}
		{A7985514-18CB-4C7E-9764-DF40EA6B1469} = {E09834B5-0E7E-4395-9A9D-7F0FE37F6374}
		{35AAB708-D3EB-47DC-B472-CFE8780C3B58} = {A783C34D-A049-4738-81FB-2D2C5EB2D038}
		{D469AC07-DB56-4FA6-BD57-F6E160A15C5B} = {35AAB708-D3EB-47DC-B472-CFE8780C3B58}
		{4ADBC6B9-68B0-451D-AC06-5D91B25A74EF} = {A783C34D-A049-4738-81FB-2D2C5EB2D038}
		{73966593-F769-4E0B-8D43-E95F183427C3} = {4ADBC6B9-68B0-451D-AC06-5D91B25A74EF}
		{779B2945-65D3-471E-AE82-0833DAE775A4} = {A783C34D-A049-4738-81FB-2D2C5EB2D038}
		{8DB228E3-F7ED-4127-84F2-EE89BAEAFE0C} = {779B2945-65D3-471E-AE82-0833DAE775A4}
	EndGlobalSection
	GlobalSection(ExtensibilityGlobals) = postSolution
		SolutionGuid = {81E092DA-FE54-4061-B1DC-8DE866FE82A2}
	EndGlobalSection
EndGlobal
