
Microsoft Visual Studio Solution File, Format Version 12.00
# Visual Studio Version 17
VisualStudioVersion = 17.1.31911.260
MinimumVisualStudioVersion = 10.0.40219.1
Project("{2150E333-8FDC-42A3-9474-1A3956D46DE8}") = "src", "src", "{2CD76BED-5599-4C6E-8362-40FCE4A3FC6D}"
EndProject
Project("{2150E333-8FDC-42A3-9474-1A3956D46DE8}") = "Unit-1", "Unit-1", "{1796AF32-F15B-4407-B6BC-406B7A8E85FC}"
EndProject
Project("{2150E333-8FDC-42A3-9474-1A3956D46DE8}") = "FSharp", "FSharp", "{68B4A60B-8474-4868-B206-B082921EE716}"
EndProject
Project("{2150E333-8FDC-42A3-9474-1A3956D46DE8}") = "lesson2", "lesson2", "{C04027FA-A3C8-4262-990C-6B447018E843}"
EndProject
Project("{F2A71F9B-5D33-465A-A702-920D77279786}") = "WinTail", "src\Unit-1\FSharp\lesson2\Completed\WinTail.fsproj", "{E71CF919-7367-4E76-83E6-8DE11D3CF380}"
EndProject
Project("{2150E333-8FDC-42A3-9474-1A3956D46DE8}") = "lesson1", "lesson1", "{AAA73547-E80E-4EE7-9ACA-7F15E9CFAC53}"
EndProject
Project("{F2A71F9B-5D33-465A-A702-920D77279786}") = "WinTail", "src\Unit-1\FSharp\lesson1\Completed\WinTail.fsproj", "{5459A3FB-F75C-4C2A-B729-9C5338E14146}"
EndProject
Project("{F2A71F9B-5D33-465A-A702-920D77279786}") = "WinTail", "src\Unit-1\FSharp\DoThis\WinTail.fsproj", "{08236D19-9397-48FE-8A12-2596C0BEEC4B}"
EndProject
Project("{2150E333-8FDC-42A3-9474-1A3956D46DE8}") = "lesson3", "lesson3", "{E9559C86-31CC-438A-ABB0-D9BC8D57F4DB}"
EndProject
Project("{F2A71F9B-5D33-465A-A702-920D77279786}") = "WinTail", "src\Unit-1\FSharp\lesson3\Completed\WinTail.fsproj", "{4D0B8674-48EC-404B-AA2B-F1EA348511CA}"
EndProject
Project("{2150E333-8FDC-42A3-9474-1A3956D46DE8}") = "lesson4", "lesson4", "{820CD3E9-DD36-4B67-B3CF-28D9335FFF8B}"
EndProject
Project("{F2A71F9B-5D33-465A-A702-920D77279786}") = "WinTail", "src\Unit-1\FSharp\lesson4\Completed\WinTail.fsproj", "{66AD9D7A-8917-4852-8FE9-D4815C3C7B7E}"
EndProject
Project("{2150E333-8FDC-42A3-9474-1A3956D46DE8}") = "lesson5", "lesson5", "{E00224CF-D338-488D-B311-A9DE43DCC508}"
EndProject
Project("{F2A71F9B-5D33-465A-A702-920D77279786}") = "WinTail", "src\Unit-1\FSharp\lesson5\Completed\WinTail.fsproj", "{4A9C4883-A255-4DAD-9788-D602BEC1819A}"
EndProject
Project("{2150E333-8FDC-42A3-9474-1A3956D46DE8}") = "lesson6", "lesson6", "{DBCCD686-DF8A-45F9-A300-A5513352621F}"
EndProject
Project("{F2A71F9B-5D33-465A-A702-920D77279786}") = "WinTail", "src\Unit-1\FSharp\lesson6\Completed\WinTail.fsproj", "{BAC8A9F9-F086-41C7-8891-5E53560AF857}"
EndProject
Global
	GlobalSection(SolutionConfigurationPlatforms) = preSolution
		Debug|Any CPU = Debug|Any CPU
		Release|Any CPU = Release|Any CPU
	EndGlobalSection
	GlobalSection(ProjectConfigurationPlatforms) = postSolution
		{E71CF919-7367-4E76-83E6-8DE11D3CF380}.Debug|Any CPU.ActiveCfg = Debug|Any CPU
		{E71CF919-7367-4E76-83E6-8DE11D3CF380}.Debug|Any CPU.Build.0 = Debug|Any CPU
		{E71CF919-7367-4E76-83E6-8DE11D3CF380}.Release|Any CPU.ActiveCfg = Release|Any CPU
		{E71CF919-7367-4E76-83E6-8DE11D3CF380}.Release|Any CPU.Build.0 = Release|Any CPU
		{5459A3FB-F75C-4C2A-B729-9C5338E14146}.Debug|Any CPU.ActiveCfg = Debug|Any CPU
		{5459A3FB-F75C-4C2A-B729-9C5338E14146}.Debug|Any CPU.Build.0 = Debug|Any CPU
		{5459A3FB-F75C-4C2A-B729-9C5338E14146}.Release|Any CPU.ActiveCfg = Release|Any CPU
		{5459A3FB-F75C-4C2A-B729-9C5338E14146}.Release|Any CPU.Build.0 = Release|Any CPU
		{08236D19-9397-48FE-8A12-2596C0BEEC4B}.Debug|Any CPU.ActiveCfg = Debug|Any CPU
		{08236D19-9397-48FE-8A12-2596C0BEEC4B}.Debug|Any CPU.Build.0 = Debug|Any CPU
		{08236D19-9397-48FE-8A12-2596C0BEEC4B}.Release|Any CPU.ActiveCfg = Release|Any CPU
		{08236D19-9397-48FE-8A12-2596C0BEEC4B}.Release|Any CPU.Build.0 = Release|Any CPU
		{4D0B8674-48EC-404B-AA2B-F1EA348511CA}.Debug|Any CPU.ActiveCfg = Debug|Any CPU
		{4D0B8674-48EC-404B-AA2B-F1EA348511CA}.Debug|Any CPU.Build.0 = Debug|Any CPU
		{4D0B8674-48EC-404B-AA2B-F1EA348511CA}.Release|Any CPU.ActiveCfg = Release|Any CPU
		{4D0B8674-48EC-404B-AA2B-F1EA348511CA}.Release|Any CPU.Build.0 = Release|Any CPU
		{66AD9D7A-8917-4852-8FE9-D4815C3C7B7E}.Debug|Any CPU.ActiveCfg = Debug|Any CPU
		{66AD9D7A-8917-4852-8FE9-D4815C3C7B7E}.Debug|Any CPU.Build.0 = Debug|Any CPU
		{66AD9D7A-8917-4852-8FE9-D4815C3C7B7E}.Release|Any CPU.ActiveCfg = Release|Any CPU
		{66AD9D7A-8917-4852-8FE9-D4815C3C7B7E}.Release|Any CPU.Build.0 = Release|Any CPU
		{4A9C4883-A255-4DAD-9788-D602BEC1819A}.Debug|Any CPU.ActiveCfg = Debug|Any CPU
		{4A9C4883-A255-4DAD-9788-D602BEC1819A}.Debug|Any CPU.Build.0 = Debug|Any CPU
		{4A9C4883-A255-4DAD-9788-D602BEC1819A}.Release|Any CPU.ActiveCfg = Release|Any CPU
		{4A9C4883-A255-4DAD-9788-D602BEC1819A}.Release|Any CPU.Build.0 = Release|Any CPU
		{BAC8A9F9-F086-41C7-8891-5E53560AF857}.Debug|Any CPU.ActiveCfg = Debug|Any CPU
		{BAC8A9F9-F086-41C7-8891-5E53560AF857}.Debug|Any CPU.Build.0 = Debug|Any CPU
		{BAC8A9F9-F086-41C7-8891-5E53560AF857}.Release|Any CPU.ActiveCfg = Release|Any CPU
		{BAC8A9F9-F086-41C7-8891-5E53560AF857}.Release|Any CPU.Build.0 = Release|Any CPU
	EndGlobalSection
	GlobalSection(SolutionProperties) = preSolution
		HideSolutionNode = FALSE
	EndGlobalSection
	GlobalSection(NestedProjects) = preSolution
		{1796AF32-F15B-4407-B6BC-406B7A8E85FC} = {2CD76BED-5599-4C6E-8362-40FCE4A3FC6D}
		{68B4A60B-8474-4868-B206-B082921EE716} = {1796AF32-F15B-4407-B6BC-406B7A8E85FC}
		{C04027FA-A3C8-4262-990C-6B447018E843} = {68B4A60B-8474-4868-B206-B082921EE716}
		{E71CF919-7367-4E76-83E6-8DE11D3CF380} = {C04027FA-A3C8-4262-990C-6B447018E843}
		{AAA73547-E80E-4EE7-9ACA-7F15E9CFAC53} = {68B4A60B-8474-4868-B206-B082921EE716}
		{5459A3FB-F75C-4C2A-B729-9C5338E14146} = {AAA73547-E80E-4EE7-9ACA-7F15E9CFAC53}
		{08236D19-9397-48FE-8A12-2596C0BEEC4B} = {68B4A60B-8474-4868-B206-B082921EE716}
		{E9559C86-31CC-438A-ABB0-D9BC8D57F4DB} = {68B4A60B-8474-4868-B206-B082921EE716}
		{4D0B8674-48EC-404B-AA2B-F1EA348511CA} = {E9559C86-31CC-438A-ABB0-D9BC8D57F4DB}
		{820CD3E9-DD36-4B67-B3CF-28D9335FFF8B} = {68B4A60B-8474-4868-B206-B082921EE716}
		{66AD9D7A-8917-4852-8FE9-D4815C3C7B7E} = {820CD3E9-DD36-4B67-B3CF-28D9335FFF8B}
		{E00224CF-D338-488D-B311-A9DE43DCC508} = {68B4A60B-8474-4868-B206-B082921EE716}
		{4A9C4883-A255-4DAD-9788-D602BEC1819A} = {E00224CF-D338-488D-B311-A9DE43DCC508}
		{DBCCD686-DF8A-45F9-A300-A5513352621F} = {68B4A60B-8474-4868-B206-B082921EE716}
		{BAC8A9F9-F086-41C7-8891-5E53560AF857} = {DBCCD686-DF8A-45F9-A300-A5513352621F}
	EndGlobalSection
	GlobalSection(ExtensibilityGlobals) = postSolution
		SolutionGuid = {81E092DA-FE54-4061-B1DC-8DE866FE82A2}
	EndGlobalSection
EndGlobal
